
Microsoft Visual Studio Solution File, Format Version 12.00
# Visual Studio Version 17
VisualStudioVersion = 17.0.31903.59
MinimumVisualStudioVersion = 10.0.40219.1
Project("{2150E333-8FDC-42A3-9474-1A3956D46DE8}") = "src", "src", "{65C9E5DF-2F30-45FC-8EC4-D937BBB2A59C}"
EndProject
Project("{2150E333-8FDC-42A3-9474-1A3956D46DE8}") = "Frontend", "Frontend", "{0A75EFCF-51A8-7DF6-F0FF-99A97DE3AF67}"
EndProject
Project("{FAE04EC0-301F-11D3-BF4B-00C04F79EFBC}") = "TMS.Apps.FrontTube.Frontend.WebUI", "src\Frontend\TMS.Apps.FrontTube.Frontend.WebUI\TMS.Apps.FrontTube.Frontend.WebUI.csproj", "{C56DFB79-C54A-4470-98A8-395E839E63B3}"
EndProject
Project("{2150E333-8FDC-42A3-9474-1A3956D46DE8}") = "Backend", "Backend", "{AF8F0F96-A2D6-5996-F80E-97D24DC22B95}"
EndProject
Project("{FAE04EC0-301F-11D3-BF4B-00C04F79EFBC}") = "TMS.Apps.FrontTube.Backend.Core", "src\Backend\TMS.Apps.FrontTube.Backend.Core\TMS.Apps.FrontTube.Backend.Core.csproj", "{B6F00466-BA96-431C-A780-9E609F1D1718}"
EndProject
Project("{2150E333-8FDC-42A3-9474-1A3956D46DE8}") = "Common", "Common", "{FBFEC309-7942-AA5B-F164-D92B09364702}"
EndProject
Project("{FAE04EC0-301F-11D3-BF4B-00C04F79EFBC}") = "TMS.Apps.FrontTube.Backend.Common.ProviderCore", "src\Backend\Common\TMS.Apps.FrontTube.Backend.Common.ProviderCore\TMS.Apps.FrontTube.Backend.Common.ProviderCore.csproj", "{26388A47-EE1B-4C29-A8D9-931D40E90E71}"
EndProject
Project("{2150E333-8FDC-42A3-9474-1A3956D46DE8}") = "Providers", "Providers", "{3D94EA6E-7602-4D4D-632E-67E8E25FE78E}"
EndProject
Project("{FAE04EC0-301F-11D3-BF4B-00C04F79EFBC}") = "TMS.Apps.FrontTube.Backend.Providers.Invidious", "src\Backend\Providers\TMS.Apps.FrontTube.Backend.Providers.Invidious\TMS.Apps.FrontTube.Backend.Providers.Invidious.csproj", "{51B126FE-6B52-4569-9031-44B1D109A236}"
EndProject
Project("{2150E333-8FDC-42A3-9474-1A3956D46DE8}") = "Repository", "Repository", "{9EFB56BC-C02A-BFC8-8CAF-57F312DE9EAE}"
EndProject
Project("{FAE04EC0-301F-11D3-BF4B-00C04F79EFBC}") = "TMS.Apps.FrontTube.Backend.Repository.Cache", "src\Backend\Repository\TMS.Apps.FrontTube.Backend.Repository.Cache\TMS.Apps.FrontTube.Backend.Repository.Cache.csproj", "{7413122A-1730-4E3C-8C5F-3895B877412D}"
EndProject
Project("{FAE04EC0-301F-11D3-BF4B-00C04F79EFBC}") = "TMS.Apps.FrontTube.Backend.Repository.DataBase", "src\Backend\Repository\TMS.Apps.FrontTube.Backend.Repository.DataBase\TMS.Apps.FrontTube.Backend.Repository.DataBase.csproj", "{14E6160C-1496-4EF6-8583-1FA573ACF611}"
EndProject
Project("{FAE04EC0-301F-11D3-BF4B-00C04F79EFBC}") = "TMS.Apps.FrontTube.Backend.Repository.Data", "src\Backend\Repository\TMS.Apps.FrontTube.Backend.Repository.Data\TMS.Apps.FrontTube.Backend.Repository.Data.csproj", "{4E3A6411-F897-4D8C-A5A6-40E79E517367}"
EndProject
Project("{2150E333-8FDC-42A3-9474-1A3956D46DE8}") = "tests", "tests", "{7F84455A-0628-4B35-8F38-A7366366CC82}"
EndProject
Project("{2150E333-8FDC-42A3-9474-1A3956D46DE8}") = "Backend", "Backend", "{F37D4BA1-59FC-4FFF-B149-2DDB1A3E7E42}"
EndProject
Project("{2150E333-8FDC-42A3-9474-1A3956D46DE8}") = "Common", "Common", "{F2E6AAA0-5D01-4836-A9D4-5D159EE619FA}"
EndProject
Project("{FAE04EC0-301F-11D3-BF4B-00C04F79EFBC}") = "TMS.Apps.FrontTube.Backend.Common.ProviderCore.Tests.Unit", "tests\Backend\Common\TMS.Apps.FrontTube.Backend.Common.ProviderCore.Tests.Unit\TMS.Apps.FrontTube.Backend.Common.ProviderCore.Tests.Unit.csproj", "{F477ABFB-5C17-4099-9B6C-267614396984}"
EndProject
Project("{2150E333-8FDC-42A3-9474-1A3956D46DE8}") = "Libs", "Libs", "{C9AE9BB0-66B0-4CCF-8342-CD601D1C0BEB}"
EndProject
Project("{2150E333-8FDC-42A3-9474-1A3956D46DE8}") = "Web", "Web", "{E5B0B40D-27AF-46B0-8B96-6EBF6713D2FD}"
EndProject
Project("{FAE04EC0-301F-11D3-BF4B-00C04F79EFBC}") = "TMS.Libs.Frontend.Web.DockPanels", "src\Frontend\Libs\Web\TMS.Libs.Frontend.Web.DockPanels\TMS.Libs.Frontend.Web.DockPanels.csproj", "{CBEFA740-EAE3-4F4A-96A4-B23274AAC532}"
EndProject
Project("{FAE04EC0-301F-11D3-BF4B-00C04F79EFBC}") = "TMS.Libs.Frontend.Web.CombinedVideoPlayer", "src\Frontend\Libs\Web\TMS.Libs.Frontend.Web.CombinedVideoPlayer\TMS.Libs.Frontend.Web.CombinedVideoPlayer.csproj", "{C77C7496-939A-4C6D-971D-D65C0AC51856}"
EndProject
Project("{2150E333-8FDC-42A3-9474-1A3956D46DE8}") = "Providers", "Providers", "{454669C6-FB1F-4CAD-AE08-F5EBE46A4BE3}"
EndProject
Project("{FAE04EC0-301F-11D3-BF4B-00C04F79EFBC}") = "TMS.Apps.FrontTube.Backend.Providers.Invidious.Tests.Integration", "tests\Backend\Providers\TMS.Apps.FrontTube.Backend.Providers.Invidious.Tests.Integration\TMS.Apps.FrontTube.Backend.Providers.Invidious.Tests.Integration.csproj", "{2F8FDD52-E9BF-4BB2-AF97-86C6DDD09A65}"
EndProject
Project("{FAE04EC0-301F-11D3-BF4B-00C04F79EFBC}") = "TMS.Apps.FrontTube.Backend.Repository.YouTubeRSS", "src\Backend\Repository\TMS.Apps.FrontTube.Backend.Repository.YouTubeRSS\TMS.Apps.FrontTube.Backend.Repository.YouTubeRSS.csproj", "{5F5D83AB-0025-4832-8AC3-8F65F6DA3C58}"
EndProject
Project("{2150E333-8FDC-42A3-9474-1A3956D46DE8}") = "Repository", "Repository", "{16044E71-730A-4C06-8F22-9ABFF50CBAFF}"
EndProject
Project("{FAE04EC0-301F-11D3-BF4B-00C04F79EFBC}") = "TMS.Apps.FrontTube.Backend.Repository.YouTubeRSS.Tests.Integration", "tests\Backend\Repository\TMS.Apps.FrontTube.Backend.Repository.YouTubeRSS.Tests.Integration\TMS.Apps.FrontTube.Backend.Repository.YouTubeRSS.Tests.Integration.csproj", "{1430822D-62AD-486B-98D6-78D5184DDCC0}"
EndProject
Global
	GlobalSection(SolutionConfigurationPlatforms) = preSolution
		Debug|Any CPU = Debug|Any CPU
		Release|Any CPU = Release|Any CPU
	EndGlobalSection
	GlobalSection(ProjectConfigurationPlatforms) = postSolution
		{C56DFB79-C54A-4470-98A8-395E839E63B3}.Debug|Any CPU.ActiveCfg = Debug|Any CPU
		{C56DFB79-C54A-4470-98A8-395E839E63B3}.Debug|Any CPU.Build.0 = Debug|Any CPU
		{C56DFB79-C54A-4470-98A8-395E839E63B3}.Release|Any CPU.ActiveCfg = Release|Any CPU
		{C56DFB79-C54A-4470-98A8-395E839E63B3}.Release|Any CPU.Build.0 = Release|Any CPU
		{B6F00466-BA96-431C-A780-9E609F1D1718}.Debug|Any CPU.ActiveCfg = Debug|Any CPU
		{B6F00466-BA96-431C-A780-9E609F1D1718}.Debug|Any CPU.Build.0 = Debug|Any CPU
		{B6F00466-BA96-431C-A780-9E609F1D1718}.Release|Any CPU.ActiveCfg = Release|Any CPU
		{B6F00466-BA96-431C-A780-9E609F1D1718}.Release|Any CPU.Build.0 = Release|Any CPU
		{26388A47-EE1B-4C29-A8D9-931D40E90E71}.Debug|Any CPU.ActiveCfg = Debug|Any CPU
		{26388A47-EE1B-4C29-A8D9-931D40E90E71}.Debug|Any CPU.Build.0 = Debug|Any CPU
		{26388A47-EE1B-4C29-A8D9-931D40E90E71}.Release|Any CPU.ActiveCfg = Release|Any CPU
		{26388A47-EE1B-4C29-A8D9-931D40E90E71}.Release|Any CPU.Build.0 = Release|Any CPU
		{51B126FE-6B52-4569-9031-44B1D109A236}.Debug|Any CPU.ActiveCfg = Debug|Any CPU
		{51B126FE-6B52-4569-9031-44B1D109A236}.Debug|Any CPU.Build.0 = Debug|Any CPU
		{51B126FE-6B52-4569-9031-44B1D109A236}.Release|Any CPU.ActiveCfg = Release|Any CPU
		{51B126FE-6B52-4569-9031-44B1D109A236}.Release|Any CPU.Build.0 = Release|Any CPU
		{7413122A-1730-4E3C-8C5F-3895B877412D}.Debug|Any CPU.ActiveCfg = Debug|Any CPU
		{7413122A-1730-4E3C-8C5F-3895B877412D}.Debug|Any CPU.Build.0 = Debug|Any CPU
		{7413122A-1730-4E3C-8C5F-3895B877412D}.Release|Any CPU.ActiveCfg = Release|Any CPU
		{7413122A-1730-4E3C-8C5F-3895B877412D}.Release|Any CPU.Build.0 = Release|Any CPU
		{14E6160C-1496-4EF6-8583-1FA573ACF611}.Debug|Any CPU.ActiveCfg = Debug|Any CPU
		{14E6160C-1496-4EF6-8583-1FA573ACF611}.Debug|Any CPU.Build.0 = Debug|Any CPU
		{14E6160C-1496-4EF6-8583-1FA573ACF611}.Release|Any CPU.ActiveCfg = Release|Any CPU
		{14E6160C-1496-4EF6-8583-1FA573ACF611}.Release|Any CPU.Build.0 = Release|Any CPU
		{4E3A6411-F897-4D8C-A5A6-40E79E517367}.Debug|Any CPU.ActiveCfg = Debug|Any CPU
		{4E3A6411-F897-4D8C-A5A6-40E79E517367}.Debug|Any CPU.Build.0 = Debug|Any CPU
		{4E3A6411-F897-4D8C-A5A6-40E79E517367}.Release|Any CPU.ActiveCfg = Release|Any CPU
		{4E3A6411-F897-4D8C-A5A6-40E79E517367}.Release|Any CPU.Build.0 = Release|Any CPU
		{F477ABFB-5C17-4099-9B6C-267614396984}.Debug|Any CPU.ActiveCfg = Debug|Any CPU
		{F477ABFB-5C17-4099-9B6C-267614396984}.Debug|Any CPU.Build.0 = Debug|Any CPU
		{F477ABFB-5C17-4099-9B6C-267614396984}.Release|Any CPU.ActiveCfg = Release|Any CPU
		{F477ABFB-5C17-4099-9B6C-267614396984}.Release|Any CPU.Build.0 = Release|Any CPU
		{CBEFA740-EAE3-4F4A-96A4-B23274AAC532}.Debug|Any CPU.ActiveCfg = Debug|Any CPU
		{CBEFA740-EAE3-4F4A-96A4-B23274AAC532}.Debug|Any CPU.Build.0 = Debug|Any CPU
		{CBEFA740-EAE3-4F4A-96A4-B23274AAC532}.Release|Any CPU.ActiveCfg = Release|Any CPU
		{CBEFA740-EAE3-4F4A-96A4-B23274AAC532}.Release|Any CPU.Build.0 = Release|Any CPU
		{C77C7496-939A-4C6D-971D-D65C0AC51856}.Debug|Any CPU.ActiveCfg = Debug|Any CPU
		{C77C7496-939A-4C6D-971D-D65C0AC51856}.Debug|Any CPU.Build.0 = Debug|Any CPU
		{C77C7496-939A-4C6D-971D-D65C0AC51856}.Release|Any CPU.ActiveCfg = Release|Any CPU
		{C77C7496-939A-4C6D-971D-D65C0AC51856}.Release|Any CPU.Build.0 = Release|Any CPU
		{2F8FDD52-E9BF-4BB2-AF97-86C6DDD09A65}.Debug|Any CPU.ActiveCfg = Debug|Any CPU
		{2F8FDD52-E9BF-4BB2-AF97-86C6DDD09A65}.Debug|Any CPU.Build.0 = Debug|Any CPU
		{2F8FDD52-E9BF-4BB2-AF97-86C6DDD09A65}.Release|Any CPU.ActiveCfg = Release|Any CPU
		{2F8FDD52-E9BF-4BB2-AF97-86C6DDD09A65}.Release|Any CPU.Build.0 = Release|Any CPU
		{5F5D83AB-0025-4832-8AC3-8F65F6DA3C58}.Debug|Any CPU.ActiveCfg = Debug|Any CPU
		{5F5D83AB-0025-4832-8AC3-8F65F6DA3C58}.Debug|Any CPU.Build.0 = Debug|Any CPU
		{5F5D83AB-0025-4832-8AC3-8F65F6DA3C58}.Release|Any CPU.ActiveCfg = Release|Any CPU
		{5F5D83AB-0025-4832-8AC3-8F65F6DA3C58}.Release|Any CPU.Build.0 = Release|Any CPU
		{1430822D-62AD-486B-98D6-78D5184DDCC0}.Debug|Any CPU.ActiveCfg = Debug|Any CPU
		{1430822D-62AD-486B-98D6-78D5184DDCC0}.Debug|Any CPU.Build.0 = Debug|Any CPU
		{1430822D-62AD-486B-98D6-78D5184DDCC0}.Release|Any CPU.ActiveCfg = Release|Any CPU
		{1430822D-62AD-486B-98D6-78D5184DDCC0}.Release|Any CPU.Build.0 = Release|Any CPU
	EndGlobalSection
	GlobalSection(SolutionProperties) = preSolution
		HideSolutionNode = FALSE
	EndGlobalSection
	GlobalSection(NestedProjects) = preSolution
		{0A75EFCF-51A8-7DF6-F0FF-99A97DE3AF67} = {65C9E5DF-2F30-45FC-8EC4-D937BBB2A59C}
		{C56DFB79-C54A-4470-98A8-395E839E63B3} = {0A75EFCF-51A8-7DF6-F0FF-99A97DE3AF67}
		{AF8F0F96-A2D6-5996-F80E-97D24DC22B95} = {65C9E5DF-2F30-45FC-8EC4-D937BBB2A59C}
		{B6F00466-BA96-431C-A780-9E609F1D1718} = {AF8F0F96-A2D6-5996-F80E-97D24DC22B95}
		{FBFEC309-7942-AA5B-F164-D92B09364702} = {AF8F0F96-A2D6-5996-F80E-97D24DC22B95}
		{26388A47-EE1B-4C29-A8D9-931D40E90E71} = {FBFEC309-7942-AA5B-F164-D92B09364702}
		{3D94EA6E-7602-4D4D-632E-67E8E25FE78E} = {AF8F0F96-A2D6-5996-F80E-97D24DC22B95}
		{51B126FE-6B52-4569-9031-44B1D109A236} = {3D94EA6E-7602-4D4D-632E-67E8E25FE78E}
		{9EFB56BC-C02A-BFC8-8CAF-57F312DE9EAE} = {AF8F0F96-A2D6-5996-F80E-97D24DC22B95}
		{7413122A-1730-4E3C-8C5F-3895B877412D} = {9EFB56BC-C02A-BFC8-8CAF-57F312DE9EAE}
		{14E6160C-1496-4EF6-8583-1FA573ACF611} = {9EFB56BC-C02A-BFC8-8CAF-57F312DE9EAE}
		{4E3A6411-F897-4D8C-A5A6-40E79E517367} = {9EFB56BC-C02A-BFC8-8CAF-57F312DE9EAE}
		{F37D4BA1-59FC-4FFF-B149-2DDB1A3E7E42} = {7F84455A-0628-4B35-8F38-A7366366CC82}
		{F2E6AAA0-5D01-4836-A9D4-5D159EE619FA} = {F37D4BA1-59FC-4FFF-B149-2DDB1A3E7E42}
		{F477ABFB-5C17-4099-9B6C-267614396984} = {F2E6AAA0-5D01-4836-A9D4-5D159EE619FA}
		{C9AE9BB0-66B0-4CCF-8342-CD601D1C0BEB} = {0A75EFCF-51A8-7DF6-F0FF-99A97DE3AF67}
		{E5B0B40D-27AF-46B0-8B96-6EBF6713D2FD} = {C9AE9BB0-66B0-4CCF-8342-CD601D1C0BEB}
		{CBEFA740-EAE3-4F4A-96A4-B23274AAC532} = {E5B0B40D-27AF-46B0-8B96-6EBF6713D2FD}
		{C77C7496-939A-4C6D-971D-D65C0AC51856} = {E5B0B40D-27AF-46B0-8B96-6EBF6713D2FD}
		{454669C6-FB1F-4CAD-AE08-F5EBE46A4BE3} = {F37D4BA1-59FC-4FFF-B149-2DDB1A3E7E42}
		{2F8FDD52-E9BF-4BB2-AF97-86C6DDD09A65} = {454669C6-FB1F-4CAD-AE08-F5EBE46A4BE3}
		{5F5D83AB-0025-4832-8AC3-8F65F6DA3C58} = {9EFB56BC-C02A-BFC8-8CAF-57F312DE9EAE}
		{16044E71-730A-4C06-8F22-9ABFF50CBAFF} = {F37D4BA1-59FC-4FFF-B149-2DDB1A3E7E42}
		{1430822D-62AD-486B-98D6-78D5184DDCC0} = {16044E71-730A-4C06-8F22-9ABFF50CBAFF}
	EndGlobalSection
EndGlobal
