
Microsoft Visual Studio Solution File, Format Version 12.00
# Visual Studio Version 17
VisualStudioVersion = 17.0.31903.59
MinimumVisualStudioVersion = 10.0.40219.1
Project("{2150E333-8FDC-42A3-9474-1A3956D46DE8}") = "src", "src", "{65C9E5DF-2F30-45FC-8EC4-D937BBB2A59C}"
EndProject
Project("{FAE04EC0-301F-11D3-BF4B-00C04F79EFBC}") = "TMS.Apps.Web.OutVidious.WebGUI", "src\TMS.Apps.Web.OutVidious.WebGUI\TMS.Apps.Web.OutVidious.WebGUI.csproj", "{571864BA-E1F0-4AC8-B5E5-66D944DC6B5F}"
EndProject
Project("{FAE04EC0-301F-11D3-BF4B-00C04F79EFBC}") = "TMS.Apps.Web.OutVidious.Core", "src\TMS.Apps.Web.OutVidious.Core\TMS.Apps.Web.OutVidious.Core.csproj", "{E88527C6-3FC6-4FF0-8DF9-5E3B5530E871}"
EndProject
Project("{FAE04EC0-301F-11D3-BF4B-00C04F79EFBC}") = "TMS.Apps.Web.OutVidious.Common.ProvidersCore", "src\TMS.Apps.Web.OutVidious.Common.ProvidersCore\TMS.Apps.Web.OutVidious.Common.ProvidersCore.csproj", "{A1B2C3D4-E5F6-7890-ABCD-EF1234567890}"
EndProject
Project("{2150E333-8FDC-42A3-9474-1A3956D46DE8}") = "Providers", "Providers", "{B2C3D4E5-F6A7-8901-BCDE-F12345678901}"
EndProject
Project("{FAE04EC0-301F-11D3-BF4B-00C04F79EFBC}") = "TMS.Apps.Web.OutVidious.Providers.Invidious", "src\Providers\TMS.Apps.Web.OutVidious.Providers.Invidious\TMS.Apps.Web.OutVidious.Providers.Invidious.csproj", "{C3D4E5F6-A7B8-9012-CDEF-123456789012}"
EndProject
Project("{2150E333-8FDC-42A3-9474-1A3956D46DE8}") = "Backend", "Backend", "{42772A00-DE59-4A7F-9FA0-7B6B20294AEC}"
EndProject
Project("{2150E333-8FDC-42A3-9474-1A3956D46DE8}") = "database", "database", "{9517F558-3264-4251-B6D6-C387C5D1921A}"
EndProject
Project("{FAE04EC0-301F-11D3-BF4B-00C04F79EFBC}") = "TMS.Apps.FTube.Backend.DataBase", "src\Backend\database\TMS.Apps.FTube.Backend.DataBase\TMS.Apps.FTube.Backend.DataBase.csproj", "{7B273CFF-8467-4A40-B6A5-68CFB16D5E21}"
EndProject
Project("{2150E333-8FDC-42A3-9474-1A3956D46DE8}") = "Repository", "Repository", "{2DC4590B-900E-47F8-B9FA-47BF792841E8}"
EndProject
Project("{FAE04EC0-301F-11D3-BF4B-00C04F79EFBC}") = "TMS.Apps.FTube.Backend.DataRepository", "src\Backend\Repository\TMS.Apps.FTube.Backend.DataRepository\TMS.Apps.FTube.Backend.DataRepository.csproj", "{A5407470-E237-4EC8-B870-84FEB17FF1FD}"
EndProject
Global
	GlobalSection(SolutionConfigurationPlatforms) = preSolution
		Debug|Any CPU = Debug|Any CPU
		Release|Any CPU = Release|Any CPU
	EndGlobalSection
	GlobalSection(SolutionProperties) = preSolution
		HideSolutionNode = FALSE
	EndGlobalSection
	GlobalSection(ProjectConfigurationPlatforms) = postSolution
		{571864BA-E1F0-4AC8-B5E5-66D944DC6B5F}.Debug|Any CPU.ActiveCfg = Debug|Any CPU
		{571864BA-E1F0-4AC8-B5E5-66D944DC6B5F}.Debug|Any CPU.Build.0 = Debug|Any CPU
		{571864BA-E1F0-4AC8-B5E5-66D944DC6B5F}.Release|Any CPU.ActiveCfg = Release|Any CPU
		{571864BA-E1F0-4AC8-B5E5-66D944DC6B5F}.Release|Any CPU.Build.0 = Release|Any CPU
		{E88527C6-3FC6-4FF0-8DF9-5E3B5530E871}.Debug|Any CPU.ActiveCfg = Debug|Any CPU
		{E88527C6-3FC6-4FF0-8DF9-5E3B5530E871}.Debug|Any CPU.Build.0 = Debug|Any CPU
		{E88527C6-3FC6-4FF0-8DF9-5E3B5530E871}.Release|Any CPU.ActiveCfg = Release|Any CPU
		{E88527C6-3FC6-4FF0-8DF9-5E3B5530E871}.Release|Any CPU.Build.0 = Release|Any CPU
		{A1B2C3D4-E5F6-7890-ABCD-EF1234567890}.Debug|Any CPU.ActiveCfg = Debug|Any CPU
		{A1B2C3D4-E5F6-7890-ABCD-EF1234567890}.Debug|Any CPU.Build.0 = Debug|Any CPU
		{A1B2C3D4-E5F6-7890-ABCD-EF1234567890}.Release|Any CPU.ActiveCfg = Release|Any CPU
		{A1B2C3D4-E5F6-7890-ABCD-EF1234567890}.Release|Any CPU.Build.0 = Release|Any CPU
		{C3D4E5F6-A7B8-9012-CDEF-123456789012}.Debug|Any CPU.ActiveCfg = Debug|Any CPU
		{C3D4E5F6-A7B8-9012-CDEF-123456789012}.Debug|Any CPU.Build.0 = Debug|Any CPU
		{C3D4E5F6-A7B8-9012-CDEF-123456789012}.Release|Any CPU.ActiveCfg = Release|Any CPU
		{C3D4E5F6-A7B8-9012-CDEF-123456789012}.Release|Any CPU.Build.0 = Release|Any CPU
		{7B273CFF-8467-4A40-B6A5-68CFB16D5E21}.Debug|Any CPU.ActiveCfg = Debug|Any CPU
		{7B273CFF-8467-4A40-B6A5-68CFB16D5E21}.Debug|Any CPU.Build.0 = Debug|Any CPU
		{7B273CFF-8467-4A40-B6A5-68CFB16D5E21}.Release|Any CPU.ActiveCfg = Release|Any CPU
		{7B273CFF-8467-4A40-B6A5-68CFB16D5E21}.Release|Any CPU.Build.0 = Release|Any CPU
		{A5407470-E237-4EC8-B870-84FEB17FF1FD}.Debug|Any CPU.ActiveCfg = Debug|Any CPU
		{A5407470-E237-4EC8-B870-84FEB17FF1FD}.Debug|Any CPU.Build.0 = Debug|Any CPU
		{A5407470-E237-4EC8-B870-84FEB17FF1FD}.Release|Any CPU.ActiveCfg = Release|Any CPU
		{A5407470-E237-4EC8-B870-84FEB17FF1FD}.Release|Any CPU.Build.0 = Release|Any CPU
	EndGlobalSection
	GlobalSection(NestedProjects) = preSolution
		{571864BA-E1F0-4AC8-B5E5-66D944DC6B5F} = {65C9E5DF-2F30-45FC-8EC4-D937BBB2A59C}
		{E88527C6-3FC6-4FF0-8DF9-5E3B5530E871} = {65C9E5DF-2F30-45FC-8EC4-D937BBB2A59C}
		{A1B2C3D4-E5F6-7890-ABCD-EF1234567890} = {65C9E5DF-2F30-45FC-8EC4-D937BBB2A59C}
		{B2C3D4E5-F6A7-8901-BCDE-F12345678901} = {65C9E5DF-2F30-45FC-8EC4-D937BBB2A59C}
		{C3D4E5F6-A7B8-9012-CDEF-123456789012} = {B2C3D4E5-F6A7-8901-BCDE-F12345678901}
		{42772A00-DE59-4A7F-9FA0-7B6B20294AEC} = {65C9E5DF-2F30-45FC-8EC4-D937BBB2A59C}
		{9517F558-3264-4251-B6D6-C387C5D1921A} = {42772A00-DE59-4A7F-9FA0-7B6B20294AEC}
		{7B273CFF-8467-4A40-B6A5-68CFB16D5E21} = {9517F558-3264-4251-B6D6-C387C5D1921A}
		{2DC4590B-900E-47F8-B9FA-47BF792841E8} = {42772A00-DE59-4A7F-9FA0-7B6B20294AEC}
		{A5407470-E237-4EC8-B870-84FEB17FF1FD} = {2DC4590B-900E-47F8-B9FA-47BF792841E8}
	EndGlobalSection
EndGlobal
