
Microsoft Visual Studio Solution File, Format Version 12.00
# Visual Studio Version 17
VisualStudioVersion = 17.0.31903.59
MinimumVisualStudioVersion = 10.0.40219.1
Project("{2150E333-8FDC-42A3-9474-1A3956D46DE8}") = "src", "src", "{65C9E5DF-2F30-45FC-8EC4-D937BBB2A59C}"
EndProject
Project("{FAE04EC0-301F-11D3-BF4B-00C04F79EFBC}") = "TMS.Apps.Web.OutVidious.WebGUI", "src\TMS.Apps.Web.OutVidious.WebGUI\TMS.Apps.Web.OutVidious.WebGUI.csproj", "{571864BA-E1F0-4AC8-B5E5-66D944DC6B5F}"
EndProject
Project("{FAE04EC0-301F-11D3-BF4B-00C04F79EFBC}") = "TMS.Apps.Web.OutVidious.Core", "src\TMS.Apps.Web.OutVidious.Core\TMS.Apps.Web.OutVidious.Core.csproj", "{E88527C6-3FC6-4FF0-8DF9-5E3B5530E871}"
EndProject
Global
	GlobalSection(SolutionConfigurationPlatforms) = preSolution
		Debug|Any CPU = Debug|Any CPU
		Release|Any CPU = Release|Any CPU
	EndGlobalSection
	GlobalSection(SolutionProperties) = preSolution
		HideSolutionNode = FALSE
	EndGlobalSection
	GlobalSection(ProjectConfigurationPlatforms) = postSolution
		{571864BA-E1F0-4AC8-B5E5-66D944DC6B5F}.Debug|Any CPU.ActiveCfg = Debug|Any CPU
		{571864BA-E1F0-4AC8-B5E5-66D944DC6B5F}.Debug|Any CPU.Build.0 = Debug|Any CPU
		{571864BA-E1F0-4AC8-B5E5-66D944DC6B5F}.Release|Any CPU.ActiveCfg = Release|Any CPU
		{571864BA-E1F0-4AC8-B5E5-66D944DC6B5F}.Release|Any CPU.Build.0 = Release|Any CPU
		{E88527C6-3FC6-4FF0-8DF9-5E3B5530E871}.Debug|Any CPU.ActiveCfg = Debug|Any CPU
		{E88527C6-3FC6-4FF0-8DF9-5E3B5530E871}.Debug|Any CPU.Build.0 = Debug|Any CPU
		{E88527C6-3FC6-4FF0-8DF9-5E3B5530E871}.Release|Any CPU.ActiveCfg = Release|Any CPU
		{E88527C6-3FC6-4FF0-8DF9-5E3B5530E871}.Release|Any CPU.Build.0 = Release|Any CPU
	EndGlobalSection
	GlobalSection(NestedProjects) = preSolution
		{571864BA-E1F0-4AC8-B5E5-66D944DC6B5F} = {65C9E5DF-2F30-45FC-8EC4-D937BBB2A59C}
		{E88527C6-3FC6-4FF0-8DF9-5E3B5530E871} = {65C9E5DF-2F30-45FC-8EC4-D937BBB2A59C}
	EndGlobalSection
EndGlobal
